// !$*UTF8*$!
{
	archiveVersion = 1;
	classes = {
	};
	objectVersion = 46;
	objects = {

/* Begin PBXBuildFile section */
		695A58D31C989D5D00BA1A07 /* AppDelegate.swift in Sources */ = {isa = PBXBuildFile; fileRef = 695A58D21C989D5D00BA1A07 /* AppDelegate.swift */; };
		695A58D51C989D5D00BA1A07 /* ViewController.swift in Sources */ = {isa = PBXBuildFile; fileRef = 695A58D41C989D5D00BA1A07 /* ViewController.swift */; };
		695A58D81C989D5D00BA1A07 /* Main.storyboard in Resources */ = {isa = PBXBuildFile; fileRef = 695A58D61C989D5D00BA1A07 /* Main.storyboard */; };
		695A58DA1C989D5E00BA1A07 /* Assets.xcassets in Resources */ = {isa = PBXBuildFile; fileRef = 695A58D91C989D5E00BA1A07 /* Assets.xcassets */; };
		695A58DD1C989D5E00BA1A07 /* LaunchScreen.storyboard in Resources */ = {isa = PBXBuildFile; fileRef = 695A58DB1C989D5E00BA1A07 /* LaunchScreen.storyboard */; };
		695A58E81C989D5E00BA1A07 /* CoreGraphicsTestTests.swift in Sources */ = {isa = PBXBuildFile; fileRef = 695A58E71C989D5E00BA1A07 /* CoreGraphicsTestTests.swift */; };
		695A58F31C989D5E00BA1A07 /* CoreGraphicsTestUITests.swift in Sources */ = {isa = PBXBuildFile; fileRef = 695A58F21C989D5E00BA1A07 /* CoreGraphicsTestUITests.swift */; };
/* End PBXBuildFile section */

/* Begin PBXContainerItemProxy section */
		695A58E41C989D5E00BA1A07 /* PBXContainerItemProxy */ = {
			isa = PBXContainerItemProxy;
			containerPortal = 695A58C71C989D5D00BA1A07 /* Project object */;
			proxyType = 1;
			remoteGlobalIDString = 695A58CE1C989D5D00BA1A07;
			remoteInfo = CoreGraphicsTest;
		};
		695A58EF1C989D5E00BA1A07 /* PBXContainerItemProxy */ = {
			isa = PBXContainerItemProxy;
			containerPortal = 695A58C71C989D5D00BA1A07 /* Project object */;
			proxyType = 1;
			remoteGlobalIDString = 695A58CE1C989D5D00BA1A07;
			remoteInfo = CoreGraphicsTest;
		};
/* End PBXContainerItemProxy section */

/* Begin PBXFileReference section */
		695A58CF1C989D5D00BA1A07 /* CoreGraphicsTest.app */ = {isa = PBXFileReference; explicitFileType = wrapper.application; includeInIndex = 0; path = CoreGraphicsTest.app; sourceTree = BUILT_PRODUCTS_DIR; };
		695A58D21C989D5D00BA1A07 /* AppDelegate.swift */ = {isa = PBXFileReference; lastKnownFileType = sourcecode.swift; path = AppDelegate.swift; sourceTree = "<group>"; };
		695A58D41C989D5D00BA1A07 /* ViewController.swift */ = {isa = PBXFileReference; lastKnownFileType = sourcecode.swift; path = ViewController.swift; sourceTree = "<group>"; };
		695A58D71C989D5D00BA1A07 /* Base */ = {isa = PBXFileReference; lastKnownFileType = file.storyboard; name = Base; path = Base.lproj/Main.storyboard; sourceTree = "<group>"; };
		695A58D91C989D5E00BA1A07 /* Assets.xcassets */ = {isa = PBXFileReference; lastKnownFileType = folder.assetcatalog; path = Assets.xcassets; sourceTree = "<group>"; };
		695A58DC1C989D5E00BA1A07 /* Base */ = {isa = PBXFileReference; lastKnownFileType = file.storyboard; name = Base; path = Base.lproj/LaunchScreen.storyboard; sourceTree = "<group>"; };
		695A58DE1C989D5E00BA1A07 /* Info.plist */ = {isa = PBXFileReference; lastKnownFileType = text.plist.xml; path = Info.plist; sourceTree = "<group>"; };
		695A58E31C989D5E00BA1A07 /* CoreGraphicsTestTests.xctest */ = {isa = PBXFileReference; explicitFileType = wrapper.cfbundle; includeInIndex = 0; path = CoreGraphicsTestTests.xctest; sourceTree = BUILT_PRODUCTS_DIR; };
		695A58E71C989D5E00BA1A07 /* CoreGraphicsTestTests.swift */ = {isa = PBXFileReference; lastKnownFileType = sourcecode.swift; path = CoreGraphicsTestTests.swift; sourceTree = "<group>"; };
		695A58E91C989D5E00BA1A07 /* Info.plist */ = {isa = PBXFileReference; lastKnownFileType = text.plist.xml; path = Info.plist; sourceTree = "<group>"; };
		695A58EE1C989D5E00BA1A07 /* CoreGraphicsTestUITests.xctest */ = {isa = PBXFileReference; explicitFileType = wrapper.cfbundle; includeInIndex = 0; path = CoreGraphicsTestUITests.xctest; sourceTree = BUILT_PRODUCTS_DIR; };
		695A58F21C989D5E00BA1A07 /* CoreGraphicsTestUITests.swift */ = {isa = PBXFileReference; lastKnownFileType = sourcecode.swift; path = CoreGraphicsTestUITests.swift; sourceTree = "<group>"; };
		695A58F41C989D5E00BA1A07 /* Info.plist */ = {isa = PBXFileReference; lastKnownFileType = text.plist.xml; path = Info.plist; sourceTree = "<group>"; };
/* End PBXFileReference section */

/* Begin PBXFrameworksBuildPhase section */
		695A58CC1C989D5D00BA1A07 /* Frameworks */ = {
			isa = PBXFrameworksBuildPhase;
			buildActionMask = 2147483647;
			files = (
			);
			runOnlyForDeploymentPostprocessing = 0;
		};
		695A58E01C989D5E00BA1A07 /* Frameworks */ = {
			isa = PBXFrameworksBuildPhase;
			buildActionMask = 2147483647;
			files = (
			);
			runOnlyForDeploymentPostprocessing = 0;
		};
		695A58EB1C989D5E00BA1A07 /* Frameworks */ = {
			isa = PBXFrameworksBuildPhase;
			buildActionMask = 2147483647;
			files = (
			);
			runOnlyForDeploymentPostprocessing = 0;
		};
/* End PBXFrameworksBuildPhase section */

/* Begin PBXGroup section */
		695A58C61C989D5D00BA1A07 = {
			isa = PBXGroup;
			children = (
				695A58D11C989D5D00BA1A07 /* CoreGraphicsTest */,
				695A58E61C989D5E00BA1A07 /* CoreGraphicsTestTests */,
				695A58F11C989D5E00BA1A07 /* CoreGraphicsTestUITests */,
				695A58D01C989D5D00BA1A07 /* Products */,
			);
			sourceTree = "<group>";
		};
		695A58D01C989D5D00BA1A07 /* Products */ = {
			isa = PBXGroup;
			children = (
				695A58CF1C989D5D00BA1A07 /* CoreGraphicsTest.app */,
				695A58E31C989D5E00BA1A07 /* CoreGraphicsTestTests.xctest */,
				695A58EE1C989D5E00BA1A07 /* CoreGraphicsTestUITests.xctest */,
			);
			name = Products;
			sourceTree = "<group>";
		};
		695A58D11C989D5D00BA1A07 /* CoreGraphicsTest */ = {
			isa = PBXGroup;
			children = (
				695A58D21C989D5D00BA1A07 /* AppDelegate.swift */,
				695A58D41C989D5D00BA1A07 /* ViewController.swift */,
				695A58D61C989D5D00BA1A07 /* Main.storyboard */,
				695A58D91C989D5E00BA1A07 /* Assets.xcassets */,
				695A58DB1C989D5E00BA1A07 /* LaunchScreen.storyboard */,
				695A58DE1C989D5E00BA1A07 /* Info.plist */,
			);
			path = CoreGraphicsTest;
			sourceTree = "<group>";
		};
		695A58E61C989D5E00BA1A07 /* CoreGraphicsTestTests */ = {
			isa = PBXGroup;
			children = (
				695A58E71C989D5E00BA1A07 /* CoreGraphicsTestTests.swift */,
				695A58E91C989D5E00BA1A07 /* Info.plist */,
			);
			path = CoreGraphicsTestTests;
			sourceTree = "<group>";
		};
		695A58F11C989D5E00BA1A07 /* CoreGraphicsTestUITests */ = {
			isa = PBXGroup;
			children = (
				695A58F21C989D5E00BA1A07 /* CoreGraphicsTestUITests.swift */,
				695A58F41C989D5E00BA1A07 /* Info.plist */,
			);
			path = CoreGraphicsTestUITests;
			sourceTree = "<group>";
		};
/* End PBXGroup section */

/* Begin PBXNativeTarget section */
		695A58CE1C989D5D00BA1A07 /* CoreGraphicsTest */ = {
			isa = PBXNativeTarget;
			buildConfigurationList = 695A58F71C989D5E00BA1A07 /* Build configuration list for PBXNativeTarget "CoreGraphicsTest" */;
			buildPhases = (
				695A58CB1C989D5D00BA1A07 /* Sources */,
				695A58CC1C989D5D00BA1A07 /* Frameworks */,
				695A58CD1C989D5D00BA1A07 /* Resources */,
			);
			buildRules = (
			);
			dependencies = (
			);
			name = CoreGraphicsTest;
			productName = CoreGraphicsTest;
			productReference = 695A58CF1C989D5D00BA1A07 /* CoreGraphicsTest.app */;
			productType = "com.apple.product-type.application";
		};
		695A58E21C989D5E00BA1A07 /* CoreGraphicsTestTests */ = {
			isa = PBXNativeTarget;
			buildConfigurationList = 695A58FA1C989D5E00BA1A07 /* Build configuration list for PBXNativeTarget "CoreGraphicsTestTests" */;
			buildPhases = (
				695A58DF1C989D5E00BA1A07 /* Sources */,
				695A58E01C989D5E00BA1A07 /* Frameworks */,
				695A58E11C989D5E00BA1A07 /* Resources */,
			);
			buildRules = (
			);
			dependencies = (
				695A58E51C989D5E00BA1A07 /* PBXTargetDependency */,
			);
			name = CoreGraphicsTestTests;
			productName = CoreGraphicsTestTests;
			productReference = 695A58E31C989D5E00BA1A07 /* CoreGraphicsTestTests.xctest */;
			productType = "com.apple.product-type.bundle.unit-test";
		};
		695A58ED1C989D5E00BA1A07 /* CoreGraphicsTestUITests */ = {
			isa = PBXNativeTarget;
			buildConfigurationList = 695A58FD1C989D5E00BA1A07 /* Build configuration list for PBXNativeTarget "CoreGraphicsTestUITests" */;
			buildPhases = (
				695A58EA1C989D5E00BA1A07 /* Sources */,
				695A58EB1C989D5E00BA1A07 /* Frameworks */,
				695A58EC1C989D5E00BA1A07 /* Resources */,
			);
			buildRules = (
			);
			dependencies = (
				695A58F01C989D5E00BA1A07 /* PBXTargetDependency */,
			);
			name = CoreGraphicsTestUITests;
			productName = CoreGraphicsTestUITests;
			productReference = 695A58EE1C989D5E00BA1A07 /* CoreGraphicsTestUITests.xctest */;
			productType = "com.apple.product-type.bundle.ui-testing";
		};
/* End PBXNativeTarget section */

/* Begin PBXProject section */
		695A58C71C989D5D00BA1A07 /* Project object */ = {
			isa = PBXProject;
			attributes = {
				LastSwiftUpdateCheck = 0720;
				LastUpgradeCheck = 0720;
				ORGANIZATIONNAME = Kogimobile;
				TargetAttributes = {
					695A58CE1C989D5D00BA1A07 = {
						CreatedOnToolsVersion = 7.2.1;
					};
					695A58E21C989D5E00BA1A07 = {
						CreatedOnToolsVersion = 7.2.1;
						TestTargetID = 695A58CE1C989D5D00BA1A07;
					};
					695A58ED1C989D5E00BA1A07 = {
						CreatedOnToolsVersion = 7.2.1;
						TestTargetID = 695A58CE1C989D5D00BA1A07;
					};
				};
			};
			buildConfigurationList = 695A58CA1C989D5D00BA1A07 /* Build configuration list for PBXProject "CoreGraphicsTest" */;
			compatibilityVersion = "Xcode 3.2";
			developmentRegion = English;
			hasScannedForEncodings = 0;
			knownRegions = (
				en,
				Base,
			);
			mainGroup = 695A58C61C989D5D00BA1A07;
			productRefGroup = 695A58D01C989D5D00BA1A07 /* Products */;
			projectDirPath = "";
			projectRoot = "";
			targets = (
				695A58CE1C989D5D00BA1A07 /* CoreGraphicsTest */,
				695A58E21C989D5E00BA1A07 /* CoreGraphicsTestTests */,
				695A58ED1C989D5E00BA1A07 /* CoreGraphicsTestUITests */,
			);
		};
/* End PBXProject section */

/* Begin PBXResourcesBuildPhase section */
		695A58CD1C989D5D00BA1A07 /* Resources */ = {
			isa = PBXResourcesBuildPhase;
			buildActionMask = 2147483647;
			files = (
				695A58DD1C989D5E00BA1A07 /* LaunchScreen.storyboard in Resources */,
				695A58DA1C989D5E00BA1A07 /* Assets.xcassets in Resources */,
				695A58D81C989D5D00BA1A07 /* Main.storyboard in Resources */,
			);
			runOnlyForDeploymentPostprocessing = 0;
		};
		695A58E11C989D5E00BA1A07 /* Resources */ = {
			isa = PBXResourcesBuildPhase;
			buildActionMask = 2147483647;
			files = (
			);
			runOnlyForDeploymentPostprocessing = 0;
		};
		695A58EC1C989D5E00BA1A07 /* Resources */ = {
			isa = PBXResourcesBuildPhase;
			buildActionMask = 2147483647;
			files = (
			);
			runOnlyForDeploymentPostprocessing = 0;
		};
/* End PBXResourcesBuildPhase section */

/* Begin PBXSourcesBuildPhase section */
		695A58CB1C989D5D00BA1A07 /* Sources */ = {
			isa = PBXSourcesBuildPhase;
			buildActionMask = 2147483647;
			files = (
				695A58D51C989D5D00BA1A07 /* ViewController.swift in Sources */,
				695A58D31C989D5D00BA1A07 /* AppDelegate.swift in Sources */,
			);
			runOnlyForDeploymentPostprocessing = 0;
		};
		695A58DF1C989D5E00BA1A07 /* Sources */ = {
			isa = PBXSourcesBuildPhase;
			buildActionMask = 2147483647;
			files = (
				695A58E81C989D5E00BA1A07 /* CoreGraphicsTestTests.swift in Sources */,
			);
			runOnlyForDeploymentPostprocessing = 0;
		};
		695A58EA1C989D5E00BA1A07 /* Sources */ = {
			isa = PBXSourcesBuildPhase;
			buildActionMask = 2147483647;
			files = (
				695A58F31C989D5E00BA1A07 /* CoreGraphicsTestUITests.swift in Sources */,
			);
			runOnlyForDeploymentPostprocessing = 0;
		};
/* End PBXSourcesBuildPhase section */

/* Begin PBXTargetDependency section */
		695A58E51C989D5E00BA1A07 /* PBXTargetDependency */ = {
			isa = PBXTargetDependency;
			target = 695A58CE1C989D5D00BA1A07 /* CoreGraphicsTest */;
			targetProxy = 695A58E41C989D5E00BA1A07 /* PBXContainerItemProxy */;
		};
		695A58F01C989D5E00BA1A07 /* PBXTargetDependency */ = {
			isa = PBXTargetDependency;
			target = 695A58CE1C989D5D00BA1A07 /* CoreGraphicsTest */;
			targetProxy = 695A58EF1C989D5E00BA1A07 /* PBXContainerItemProxy */;
		};
/* End PBXTargetDependency section */

/* Begin PBXVariantGroup section */
		695A58D61C989D5D00BA1A07 /* Main.storyboard */ = {
			isa = PBXVariantGroup;
			children = (
				695A58D71C989D5D00BA1A07 /* Base */,
			);
			name = Main.storyboard;
			sourceTree = "<group>";
		};
		695A58DB1C989D5E00BA1A07 /* LaunchScreen.storyboard */ = {
			isa = PBXVariantGroup;
			children = (
				695A58DC1C989D5E00BA1A07 /* Base */,
			);
			name = LaunchScreen.storyboard;
			sourceTree = "<group>";
		};
/* End PBXVariantGroup section */

/* Begin XCBuildConfiguration section */
		695A58F51C989D5E00BA1A07 /* Debug */ = {
			isa = XCBuildConfiguration;
			buildSettings = {
				ALWAYS_SEARCH_USER_PATHS = NO;
				CLANG_CXX_LANGUAGE_STANDARD = "gnu++0x";
				CLANG_CXX_LIBRARY = "libc++";
				CLANG_ENABLE_MODULES = YES;
				CLANG_ENABLE_OBJC_ARC = YES;
				CLANG_WARN_BOOL_CONVERSION = YES;
				CLANG_WARN_CONSTANT_CONVERSION = YES;
				CLANG_WARN_DIRECT_OBJC_ISA_USAGE = YES_ERROR;
				CLANG_WARN_EMPTY_BODY = YES;
				CLANG_WARN_ENUM_CONVERSION = YES;
				CLANG_WARN_INT_CONVERSION = YES;
				CLANG_WARN_OBJC_ROOT_CLASS = YES_ERROR;
				CLANG_WARN_UNREACHABLE_CODE = YES;
				CLANG_WARN__DUPLICATE_METHOD_MATCH = YES;
				"CODE_SIGN_IDENTITY[sdk=iphoneos*]" = "iPhone Developer";
				COPY_PHASE_STRIP = NO;
				DEBUG_INFORMATION_FORMAT = dwarf;
				ENABLE_STRICT_OBJC_MSGSEND = YES;
				ENABLE_TESTABILITY = YES;
				GCC_C_LANGUAGE_STANDARD = gnu99;
				GCC_DYNAMIC_NO_PIC = NO;
				GCC_NO_COMMON_BLOCKS = YES;
				GCC_OPTIMIZATION_LEVEL = 0;
				GCC_PREPROCESSOR_DEFINITIONS = (
					"DEBUG=1",
					"$(inherited)",
				);
				GCC_WARN_64_TO_32_BIT_CONVERSION = YES;
				GCC_WARN_ABOUT_RETURN_TYPE = YES_ERROR;
				GCC_WARN_UNDECLARED_SELECTOR = YES;
				GCC_WARN_UNINITIALIZED_AUTOS = YES_AGGRESSIVE;
				GCC_WARN_UNUSED_FUNCTION = YES;
				GCC_WARN_UNUSED_VARIABLE = YES;
				IPHONEOS_DEPLOYMENT_TARGET = 9.2;
				MTL_ENABLE_DEBUG_INFO = YES;
				ONLY_ACTIVE_ARCH = YES;
				SDKROOT = iphoneos;
				SWIFT_OPTIMIZATION_LEVEL = "-Onone";
				TARGETED_DEVICE_FAMILY = 2;
			};
			name = Debug;
		};
		695A58F61C989D5E00BA1A07 /* Release */ = {
			isa = XCBuildConfiguration;
			buildSettings = {
				ALWAYS_SEARCH_USER_PATHS = NO;
				CLANG_CXX_LANGUAGE_STANDARD = "gnu++0x";
				CLANG_CXX_LIBRARY = "libc++";
				CLANG_ENABLE_MODULES = YES;
				CLANG_ENABLE_OBJC_ARC = YES;
				CLANG_WARN_BOOL_CONVERSION = YES;
				CLANG_WARN_CONSTANT_CONVERSION = YES;
				CLANG_WARN_DIRECT_OBJC_ISA_USAGE = YES_ERROR;
				CLANG_WARN_EMPTY_BODY = YES;
				CLANG_WARN_ENUM_CONVERSION = YES;
				CLANG_WARN_INT_CONVERSION = YES;
				CLANG_WARN_OBJC_ROOT_CLASS = YES_ERROR;
				CLANG_WARN_UNREACHABLE_CODE = YES;
				CLANG_WARN__DUPLICATE_METHOD_MATCH = YES;
				"CODE_SIGN_IDENTITY[sdk=iphoneos*]" = "iPhone Developer";
				COPY_PHASE_STRIP = NO;
				DEBUG_INFORMATION_FORMAT = "dwarf-with-dsym";
				ENABLE_NS_ASSERTIONS = NO;
				ENABLE_STRICT_OBJC_MSGSEND = YES;
				GCC_C_LANGUAGE_STANDARD = gnu99;
				GCC_NO_COMMON_BLOCKS = YES;
				GCC_WARN_64_TO_32_BIT_CONVERSION = YES;
				GCC_WARN_ABOUT_RETURN_TYPE = YES_ERROR;
				GCC_WARN_UNDECLARED_SELECTOR = YES;
				GCC_WARN_UNINITIALIZED_AUTOS = YES_AGGRESSIVE;
				GCC_WARN_UNUSED_FUNCTION = YES;
				GCC_WARN_UNUSED_VARIABLE = YES;
				IPHONEOS_DEPLOYMENT_TARGET = 9.2;
				MTL_ENABLE_DEBUG_INFO = NO;
				SDKROOT = iphoneos;
				TARGETED_DEVICE_FAMILY = 2;
				VALIDATE_PRODUCT = YES;
			};
			name = Release;
		};
		695A58F81C989D5E00BA1A07 /* Debug */ = {
			isa = XCBuildConfiguration;
			buildSettings = {
				ASSETCATALOG_COMPILER_APPICON_NAME = AppIcon;
				INFOPLIST_FILE = CoreGraphicsTest/Info.plist;
				LD_RUNPATH_SEARCH_PATHS = "$(inherited) @executable_path/Frameworks";
				PRODUCT_BUNDLE_IDENTIFIER = Kogimobile.CoreGraphicsTest;
				PRODUCT_NAME = "$(TARGET_NAME)";
			};
			name = Debug;
		};
		695A58F91C989D5E00BA1A07 /* Release */ = {
			isa = XCBuildConfiguration;
			buildSettings = {
				ASSETCATALOG_COMPILER_APPICON_NAME = AppIcon;
				INFOPLIST_FILE = CoreGraphicsTest/Info.plist;
				LD_RUNPATH_SEARCH_PATHS = "$(inherited) @executable_path/Frameworks";
				PRODUCT_BUNDLE_IDENTIFIER = Kogimobile.CoreGraphicsTest;
				PRODUCT_NAME = "$(TARGET_NAME)";
			};
			name = Release;
		};
		695A58FB1C989D5E00BA1A07 /* Debug */ = {
			isa = XCBuildConfiguration;
			buildSettings = {
				BUNDLE_LOADER = "$(TEST_HOST)";
				INFOPLIST_FILE = CoreGraphicsTestTests/Info.plist;
				LD_RUNPATH_SEARCH_PATHS = "$(inherited) @executable_path/Frameworks @loader_path/Frameworks";
				PRODUCT_BUNDLE_IDENTIFIER = Kogimobile.CoreGraphicsTestTests;
				PRODUCT_NAME = "$(TARGET_NAME)";
				TEST_HOST = "$(BUILT_PRODUCTS_DIR)/CoreGraphicsTest.app/CoreGraphicsTest";
			};
			name = Debug;
		};
		695A58FC1C989D5E00BA1A07 /* Release */ = {
			isa = XCBuildConfiguration;
			buildSettings = {
				BUNDLE_LOADER = "$(TEST_HOST)";
				INFOPLIST_FILE = CoreGraphicsTestTests/Info.plist;
				LD_RUNPATH_SEARCH_PATHS = "$(inherited) @executable_path/Frameworks @loader_path/Frameworks";
				PRODUCT_BUNDLE_IDENTIFIER = Kogimobile.CoreGraphicsTestTests;
				PRODUCT_NAME = "$(TARGET_NAME)";
				TEST_HOST = "$(BUILT_PRODUCTS_DIR)/CoreGraphicsTest.app/CoreGraphicsTest";
			};
			name = Release;
		};
		695A58FE1C989D5E00BA1A07 /* Debug */ = {
			isa = XCBuildConfiguration;
			buildSettings = {
				INFOPLIST_FILE = CoreGraphicsTestUITests/Info.plist;
				LD_RUNPATH_SEARCH_PATHS = "$(inherited) @executable_path/Frameworks @loader_path/Frameworks";
				PRODUCT_BUNDLE_IDENTIFIER = Kogimobile.CoreGraphicsTestUITests;
				PRODUCT_NAME = "$(TARGET_NAME)";
				TEST_TARGET_NAME = CoreGraphicsTest;
				USES_XCTRUNNER = YES;
			};
			name = Debug;
		};
		695A58FF1C989D5E00BA1A07 /* Release */ = {
			isa = XCBuildConfiguration;
			buildSettings = {
				INFOPLIST_FILE = CoreGraphicsTestUITests/Info.plist;
				LD_RUNPATH_SEARCH_PATHS = "$(inherited) @executable_path/Frameworks @loader_path/Frameworks";
				PRODUCT_BUNDLE_IDENTIFIER = Kogimobile.CoreGraphicsTestUITests;
				PRODUCT_NAME = "$(TARGET_NAME)";
				TEST_TARGET_NAME = CoreGraphicsTest;
				USES_XCTRUNNER = YES;
			};
			name = Release;
		};
/* End XCBuildConfiguration section */

/* Begin XCConfigurationList section */
		695A58CA1C989D5D00BA1A07 /* Build configuration list for PBXProject "CoreGraphicsTest" */ = {
			isa = XCConfigurationList;
			buildConfigurations = (
				695A58F51C989D5E00BA1A07 /* Debug */,
				695A58F61C989D5E00BA1A07 /* Release */,
			);
			defaultConfigurationIsVisible = 0;
			defaultConfigurationName = Release;
		};
		695A58F71C989D5E00BA1A07 /* Build configuration list for PBXNativeTarget "CoreGraphicsTest" */ = {
			isa = XCConfigurationList;
			buildConfigurations = (
				695A58F81C989D5E00BA1A07 /* Debug */,
				695A58F91C989D5E00BA1A07 /* Release */,
			);
			defaultConfigurationIsVisible = 0;
		};
		695A58FA1C989D5E00BA1A07 /* Build configuration list for PBXNativeTarget "CoreGraphicsTestTests" */ = {
			isa = XCConfigurationList;
			buildConfigurations = (
				695A58FB1C989D5E00BA1A07 /* Debug */,
				695A58FC1C989D5E00BA1A07 /* Release */,
			);
			defaultConfigurationIsVisible = 0;
		};
		695A58FD1C989D5E00BA1A07 /* Build configuration list for PBXNativeTarget "CoreGraphicsTestUITests" */ = {
			isa = XCConfigurationList;
			buildConfigurations = (
				695A58FE1C989D5E00BA1A07 /* Debug */,
				695A58FF1C989D5E00BA1A07 /* Release */,
			);
			defaultConfigurationIsVisible = 0;
		};
/* End XCConfigurationList section */
	};
	rootObject = 695A58C71C989D5D00BA1A07 /* Project object */;
}
